Microsoft Visual Studio Solution File, Format Version 12.00
# Visual Studio Version 17
VisualStudioVersion = 17.5.2.0
MinimumVisualStudioVersion = 10.0.40219.1
Project("{FAE04EC0-301F-11D3-BF4B-00C04F79EFBC}") = "CodeReviewAgent", "CodeReviewAgent.csproj", "{A90002E2-538A-47A6-CCE1-DD364C50CF48}"
EndProject
Global
	GlobalSection(SolutionConfigurationPlatforms) = preSolution
		Debug|Any CPU = Debug|Any CPU
		Release|Any CPU = Release|Any CPU
	EndGlobalSection
	GlobalSection(ProjectConfigurationPlatforms) = postSolution
		{A90002E2-538A-47A6-CCE1-DD364C50CF48}.Debug|Any CPU.ActiveCfg = Debug|Any CPU
		{A90002E2-538A-47A6-CCE1-DD364C50CF48}.Debug|Any CPU.Build.0 = Debug|Any CPU
		{A90002E2-538A-47A6-CCE1-DD364C50CF48}.Release|Any CPU.ActiveCfg = Release|Any CPU
		{A90002E2-538A-47A6-CCE1-DD364C50CF48}.Release|Any CPU.Build.0 = Release|Any CPU
	EndGlobalSection
	GlobalSection(SolutionProperties) = preSolution
		HideSolutionNode = FALSE
	EndGlobalSection
	GlobalSection(ExtensibilityGlobals) = postSolution
		SolutionGuid = {16EFD6C6-325C-4311-AEEC-33FEE6004801}
	EndGlobalSection
EndGlobal
